
Microsoft Visual Studio Solution File, Format Version 12.00
# Visual Studio 2013
VisualStudioVersion = 12.0.31101.0
MinimumVisualStudioVersion = 10.0.40219.1
Project("{FAE04EC0-301F-11D3-BF4B-00C04F79EFBC}") = "TestProject", "TestProject.csproj", "{D851CD76-E913-4ACC-98DA-C369C4318EDF}"
EndProject
Global
	GlobalSection(SolutionConfigurationPlatforms) = preSolution
		Debug|Any CPU = Debug|Any CPU
		Release|Any CPU = Release|Any CPU
	EndGlobalSection
	GlobalSection(ProjectConfigurationPlatforms) = postSolution
		{D851CD76-E913-4ACC-98DA-C369C4318EDF}.Debug|Any CPU.ActiveCfg = Debug|Any CPU
		{D851CD76-E913-4ACC-98DA-C369C4318EDF}.Debug|Any CPU.Build.0 = Debug|Any CPU
		{D851CD76-E913-4ACC-98DA-C369C4318EDF}.Release|Any CPU.ActiveCfg = Release|Any CPU
		{D851CD76-E913-4ACC-98DA-C369C4318EDF}.Release|Any CPU.Build.0 = Release|Any CPU
	EndGlobalSection
	GlobalSection(SolutionProperties) = preSolution
		HideSolutionNode = FALSE
	EndGlobalSection
EndGlobal
