
Microsoft Visual Studio Solution File, Format Version 12.00
# Visual Studio 2013
VisualStudioVersion = 12.0.31101.0
MinimumVisualStudioVersion = 10.0.40219.1
Project("{FAE04EC0-301F-11D3-BF4B-00C04F79EFBC}") = "UnitTestAPILogicLib", "UnitTestAPILogicLib.csproj", "{282EF492-2C8E-49F2-833E-B2908E13BBF5}"
EndProject
Project("{FAE04EC0-301F-11D3-BF4B-00C04F79EFBC}") = "APILogicLib", "..\APILogicLib\APILogicLib.csproj", "{27BB1681-5DE5-4A46-84D7-55888C7C31A6}"
EndProject
Global
	GlobalSection(SolutionConfigurationPlatforms) = preSolution
		Debug|Any CPU = Debug|Any CPU
		Release|Any CPU = Release|Any CPU
	EndGlobalSection
	GlobalSection(ProjectConfigurationPlatforms) = postSolution
		{282EF492-2C8E-49F2-833E-B2908E13BBF5}.Debug|Any CPU.ActiveCfg = Debug|Any CPU
		{282EF492-2C8E-49F2-833E-B2908E13BBF5}.Debug|Any CPU.Build.0 = Debug|Any CPU
		{282EF492-2C8E-49F2-833E-B2908E13BBF5}.Release|Any CPU.ActiveCfg = Release|Any CPU
		{282EF492-2C8E-49F2-833E-B2908E13BBF5}.Release|Any CPU.Build.0 = Release|Any CPU
		{27BB1681-5DE5-4A46-84D7-55888C7C31A6}.Debug|Any CPU.ActiveCfg = Debug|Any CPU
		{27BB1681-5DE5-4A46-84D7-55888C7C31A6}.Debug|Any CPU.Build.0 = Debug|Any CPU
		{27BB1681-5DE5-4A46-84D7-55888C7C31A6}.Release|Any CPU.ActiveCfg = Release|Any CPU
		{27BB1681-5DE5-4A46-84D7-55888C7C31A6}.Release|Any CPU.Build.0 = Release|Any CPU
	EndGlobalSection
	GlobalSection(SolutionProperties) = preSolution
		HideSolutionNode = FALSE
	EndGlobalSection
EndGlobal
